{
  "name": "playyoutube",
  "version": "2.0.3",
  "lockfileVersion": 1,
  "requires": true,
  "dependencies": {
    "acorn": {
      "version": "5.7.1",
      "resolved": "https://registry.npmjs.org/acorn/-/acorn-5.7.1.tgz",
      "integrity": "sha512-d+nbxBUGKg7Arpsvbnlq61mc12ek3EY8EQldM3GPAhWJ1UVxC6TDGbIvUMNU6obBX3i1+ptCIzV4vq0gFPEGVQ=="
    },
    "amdefine": {
      "version": "1.0.1",
      "resolved": "https://registry.npmjs.org/amdefine/-/amdefine-1.0.1.tgz",
      "integrity": "sha1-SlKCrBZHKek2Gbz9OtFR+BfOkfU="
    },
    "asn1": {
      "version": "0.1.11",
      "resolved": "https://registry.npmjs.org/asn1/-/asn1-0.1.11.tgz",
      "integrity": "sha1-VZvhg3bQik7E2+gId9J4GGObLfc="
    },
    "assert-plus": {
      "version": "0.1.5",
      "resolved": "https://registry.npmjs.org/assert-plus/-/assert-plus-0.1.5.tgz",
      "integrity": "sha1-7nQAlBMALYTOxyGcasgRgS5yMWA="
    },
    "ast-types": {
      "version": "0.9.6",
      "resolved": "https://registry.npmjs.org/ast-types/-/ast-types-0.9.6.tgz",
      "integrity": "sha1-ECyenpAF0+fjgpvwxPok7oYu6bk="
    },
    "async": {
      "version": "0.2.10",
      "resolved": "https://registry.npmjs.org/async/-/async-0.2.10.tgz",
      "integrity": "sha1-trvgsGdLnXGXCMo43owjfLUmw9E="
    },
    "aws-sign2": {
      "version": "0.5.0",
      "resolved": "https://registry.npmjs.org/aws-sign2/-/aws-sign2-0.5.0.tgz",
      "integrity": "sha1-xXED96F/wDfwLXwuZLYC6iI/fWM="
    },
    "balanced-match": {
      "version": "1.0.0",
      "resolved": "https://registry.npmjs.org/balanced-match/-/balanced-match-1.0.0.tgz",
      "integrity": "sha1-ibTRmasr7kneFk6gK4nORi1xt2c="
    },
    "base62": {
      "version": "1.2.8",
      "resolved": "https://registry.npmjs.org/base62/-/base62-1.2.8.tgz",
      "integrity": "sha512-V6YHUbjLxN1ymqNLb1DPHoU1CpfdL7d2YTIp5W3U4hhoG4hhxNmsFDs66M9EXxBiSEke5Bt5dwdfMwwZF70iLA=="
    },
    "bl": {
      "version": "0.9.5",
      "resolved": "https://registry.npmjs.org/bl/-/bl-0.9.5.tgz",
      "integrity": "sha1-wGt5evCF6gC8Unr8jvzxHeIjIFQ=",
      "requires": {
        "readable-stream": "~1.0.26"
      }
    },
    "boom": {
      "version": "2.10.1",
      "resolved": "https://registry.npmjs.org/boom/-/boom-2.10.1.tgz",
      "integrity": "sha1-OciRjO/1eZ+D+UkqhI9iWt0Mdm8=",
      "requires": {
        "hoek": "2.x.x"
      }
    },
    "brace-expansion": {
      "version": "1.1.11",
      "resolved": "https://registry.npmjs.org/brace-expansion/-/brace-expansion-1.1.11.tgz",
      "integrity": "sha512-iCuPHDFgrHX7H2vEI/5xpz07zSHB00TpugqhmYtVmMO6518mCuRMoOYFldEBl0g187ufozdaHgWKcYFb61qGiA==",
      "requires": {
        "balanced-match": "^1.0.0",
        "concat-map": "0.0.1"
      }
    },
    "caseless": {
      "version": "0.9.0",
      "resolved": "https://registry.npmjs.org/caseless/-/caseless-0.9.0.tgz",
      "integrity": "sha1-t7Zc5r8UE4hlOc/VM/CzDv+pz4g="
    },
    "colors": {
      "version": "1.0.3",
      "resolved": "https://registry.npmjs.org/colors/-/colors-1.0.3.tgz",
      "integrity": "sha1-BDP0TYCWgP3rYO0mDxsMJi6CpAs="
    },
    "combined-stream": {
      "version": "0.0.7",
      "resolved": "https://registry.npmjs.org/combined-stream/-/combined-stream-0.0.7.tgz",
      "integrity": "sha1-ATfmV7qlp1QcV6w3rF/AfXO03B8=",
      "requires": {
        "delayed-stream": "0.0.5"
      }
    },
    "commander": {
      "version": "2.16.0",
      "resolved": "https://registry.npmjs.org/commander/-/commander-2.16.0.tgz",
      "integrity": "sha512-sVXqklSaotK9at437sFlFpyOcJonxe0yST/AG9DkQKUdIE6IqGIMv4SfAQSKaJbSdVEJYItASCrBiVQHq1HQew=="
    },
    "commoner": {
      "version": "0.10.8",
      "resolved": "https://registry.npmjs.org/commoner/-/commoner-0.10.8.tgz",
      "integrity": "sha1-NPw2cs0kOT6LtH5wyqApOBH08sU=",
      "requires": {
        "commander": "^2.5.0",
        "detective": "^4.3.1",
        "glob": "^5.0.15",
        "graceful-fs": "^4.1.2",
        "iconv-lite": "^0.4.5",
        "mkdirp": "^0.5.0",
        "private": "^0.1.6",
        "q": "^1.1.2",
        "recast": "^0.11.17"
      }
    },
    "concat-map": {
      "version": "0.0.1",
      "resolved": "https://registry.npmjs.org/concat-map/-/concat-map-0.0.1.tgz",
      "integrity": "sha1-2Klr13/Wjfd5OnMDajug1UBdR3s="
    },
    "core-util-is": {
      "version": "1.0.2",
      "resolved": "https://registry.npmjs.org/core-util-is/-/core-util-is-1.0.2.tgz",
      "integrity": "sha1-tf1UIgqivFq1eqtxQMlAdUUDwac="
    },
    "cryptiles": {
      "version": "2.0.5",
      "resolved": "https://registry.npmjs.org/cryptiles/-/cryptiles-2.0.5.tgz",
      "integrity": "sha1-O9/s3GCBR8HGcgL6KR59ylnqo7g=",
      "requires": {
        "boom": "2.x.x"
      }
    },
    "ctype": {
      "version": "0.5.3",
      "resolved": "https://registry.npmjs.org/ctype/-/ctype-0.5.3.tgz",
      "integrity": "sha1-gsGMJGH3QRTvFsE1IkrQuRRMoS8="
    },
    "cycle": {
      "version": "1.0.3",
      "resolved": "https://registry.npmjs.org/cycle/-/cycle-1.0.3.tgz",
      "integrity": "sha1-IegLK+hYD5i0aPN5QwZisEbDStI="
    },
    "d": {
      "version": "0.1.1",
      "resolved": "https://registry.npmjs.org/d/-/d-0.1.1.tgz",
      "integrity": "sha1-2hhMU10Y2O57oqoim5FACfrhEwk=",
      "requires": {
        "es5-ext": "~0.10.2"
      }
    },
    "deep-equal": {
      "version": "1.0.1",
      "resolved": "https://registry.npmjs.org/deep-equal/-/deep-equal-1.0.1.tgz",
      "integrity": "sha1-9dJgKStmDghO/0zbyfCK0yR0SLU="
    },
    "defined": {
      "version": "1.0.0",
      "resolved": "https://registry.npmjs.org/defined/-/defined-1.0.0.tgz",
      "integrity": "sha1-yY2bzvdWdBiOEQlpFRGZ45sfppM="
    },
    "delayed-stream": {
      "version": "0.0.5",
      "resolved": "https://registry.npmjs.org/delayed-stream/-/delayed-stream-0.0.5.tgz",
      "integrity": "sha1-1LH0OpPoKW3+AmlPRoC8N6MTxz8="
    },
    "detective": {
      "version": "4.7.1",
      "resolved": "https://registry.npmjs.org/detective/-/detective-4.7.1.tgz",
      "integrity": "sha512-H6PmeeUcZloWtdt4DAkFyzFL94arpHr3NOwwmVILFiy+9Qd4JTxxXrzfyGk/lmct2qVGBwTSwSXagqu2BxmWig==",
      "requires": {
        "acorn": "^5.2.1",
        "defined": "^1.0.0"
      }
    },
    "emissary": {
      "version": "1.3.3",
      "resolved": "https://registry.npmjs.org/emissary/-/emissary-1.3.3.tgz",
      "integrity": "sha1-phjZLWgrIy0xER3DYlpd9mF5lgY=",
      "requires": {
        "es6-weak-map": "^0.1.2",
        "mixto": "1.x",
        "property-accessors": "^1.1",
        "underscore-plus": "1.x"
      }
    },
    "envify": {
      "version": "3.4.1",
      "resolved": "https://registry.npmjs.org/envify/-/envify-3.4.1.tgz",
      "integrity": "sha1-1xIjKejfFoi6dxsSUBkXyc5cvOg=",
      "requires": {
        "jstransform": "^11.0.3",
        "through": "~2.3.4"
      }
    },
    "es5-ext": {
      "version": "0.10.45",
      "resolved": "https://registry.npmjs.org/es5-ext/-/es5-ext-0.10.45.tgz",
      "integrity": "sha512-FkfM6Vxxfmztilbxxz5UKSD4ICMf5tSpRFtDNtkAhOxZ0EKtX6qwmXNyH/sFyIbX2P/nU5AMiA9jilWsUGJzCQ==",
      "requires": {
        "es6-iterator": "~2.0.3",
        "es6-symbol": "~3.1.1",
        "next-tick": "1"
      },
      "dependencies": {
        "d": {
          "version": "1.0.0",
          "resolved": "https://registry.npmjs.org/d/-/d-1.0.0.tgz",
          "integrity": "sha1-dUu1v+VUUdpppYuU1F9MWwRi1Y8=",
          "requires": {
            "es5-ext": "^0.10.9"
          }
        },
        "es6-iterator": {
          "version": "2.0.3",
          "resolved": "https://registry.npmjs.org/es6-iterator/-/es6-iterator-2.0.3.tgz",
          "integrity": "sha1-p96IkUGgWpSwhUQDstCg+/qY87c=",
          "requires": {
            "d": "1",
            "es5-ext": "^0.10.35",
            "es6-symbol": "^3.1.1"
          }
        },
        "es6-symbol": {
          "version": "3.1.1",
          "resolved": "https://registry.npmjs.org/es6-symbol/-/es6-symbol-3.1.1.tgz",
          "integrity": "sha1-vwDvT9q2uhtG7Le2KbTH7VcVzHc=",
          "requires": {
            "d": "1",
            "es5-ext": "~0.10.14"
          }
        }
      }
    },
    "es6-iterator": {
      "version": "0.1.3",
      "resolved": "https://registry.npmjs.org/es6-iterator/-/es6-iterator-0.1.3.tgz",
      "integrity": "sha1-1vWLjE/EE8JJtLqhl2j45NfIlE4=",
      "requires": {
        "d": "~0.1.1",
        "es5-ext": "~0.10.5",
        "es6-symbol": "~2.0.1"
      }
    },
    "es6-symbol": {
      "version": "2.0.1",
      "resolved": "https://registry.npmjs.org/es6-symbol/-/es6-symbol-2.0.1.tgz",
      "integrity": "sha1-dhtcZ8/U8dGK+yNPaR1nhoLLO/M=",
      "requires": {
        "d": "~0.1.1",
        "es5-ext": "~0.10.5"
      }
    },
    "es6-weak-map": {
      "version": "0.1.4",
      "resolved": "https://registry.npmjs.org/es6-weak-map/-/es6-weak-map-0.1.4.tgz",
      "integrity": "sha1-cGzvnpmqI2undmwjnIueKG6n0ig=",
      "requires": {
        "d": "~0.1.1",
        "es5-ext": "~0.10.6",
        "es6-iterator": "~0.1.3",
        "es6-symbol": "~2.0.1"
      }
    },
    "esprima-fb": {
      "version": "15001.1.0-dev-harmony-fb",
      "resolved": "https://registry.npmjs.org/esprima-fb/-/esprima-fb-15001.1.0-dev-harmony-fb.tgz",
      "integrity": "sha1-MKlHMDxrjV6VW+4rmbHSMyBqaQE="
    },
    "event-kit": {
      "version": "1.5.0",
      "resolved": "https://registry.npmjs.org/event-kit/-/event-kit-1.5.0.tgz",
      "integrity": "sha1-Ek72qtgyjcsmtxxHWQtbjmPrxIc=",
      "requires": {
        "grim": "^1.2.1"
      }
    },
    "eyes": {
      "version": "0.1.8",
      "resolved": "https://registry.npmjs.org/eyes/-/eyes-0.1.8.tgz",
      "integrity": "sha1-Ys8SAjTGg3hdkCNIqADvPgzCC8A="
    },
    "forever-agent": {
      "version": "0.5.2",
      "resolved": "https://registry.npmjs.org/forever-agent/-/forever-agent-0.5.2.tgz",
      "integrity": "sha1-bQ4JxJIflKJ/Y9O0nF/v8epMUTA="
    },
    "form-data": {
      "version": "0.2.0",
      "resolved": "https://registry.npmjs.org/form-data/-/form-data-0.2.0.tgz",
      "integrity": "sha1-Jvi8JtpkQOKZy9z7aQNcT3em5GY=",
      "requires": {
        "async": "~0.9.0",
        "combined-stream": "~0.0.4",
        "mime-types": "~2.0.3"
      },
      "dependencies": {
        "async": {
          "version": "0.9.2",
          "resolved": "https://registry.npmjs.org/async/-/async-0.9.2.tgz",
          "integrity": "sha1-rqdNXmHB+JlhO/ZL2mbUx48v0X0="
        }
      }
    },
    "fs.realpath": {
      "version": "1.0.0",
      "resolved": "https://registry.npmjs.org/fs.realpath/-/fs.realpath-1.0.0.tgz",
      "integrity": "sha1-FQStJSMVjKpA20onh8sBQRmU6k8="
    },
    "glob": {
      "version": "5.0.15",
      "resolved": "https://registry.npmjs.org/glob/-/glob-5.0.15.tgz",
      "integrity": "sha1-G8k2ueAvSmA/zCIuz3Yz0wuLk7E=",
      "requires": {
        "inflight": "^1.0.4",
        "inherits": "2",
        "minimatch": "2 || 3",
        "once": "^1.3.0",
        "path-is-absolute": "^1.0.0"
      }
    },
    "graceful-fs": {
      "version": "4.1.11",
      "resolved": "https://registry.npmjs.org/graceful-fs/-/graceful-fs-4.1.11.tgz",
      "integrity": "sha1-Dovf5NHduIVNZOBOp8AOKgJuVlg="
    },
    "grim": {
      "version": "1.5.0",
      "resolved": "https://registry.npmjs.org/grim/-/grim-1.5.0.tgz",
      "integrity": "sha1-sysI71Z88YUvgXWe2caLDXE5ajI=",
      "requires": {
        "emissary": "^1.2.0"
      }
    },
    "hawk": {
      "version": "2.3.1",
      "resolved": "https://registry.npmjs.org/hawk/-/hawk-2.3.1.tgz",
      "integrity": "sha1-HnMc45RH+h0PbXB/e87r7A/R7B8=",
      "requires": {
        "boom": "2.x.x",
        "cryptiles": "2.x.x",
        "hoek": "2.x.x",
        "sntp": "1.x.x"
      }
    },
    "hoek": {
      "version": "2.16.3",
      "resolved": "https://registry.npmjs.org/hoek/-/hoek-2.16.3.tgz",
      "integrity": "sha1-ILt0A9POo5jpHcRxCo/xuCdKJe0="
    },
    "http-signature": {
      "version": "0.10.1",
      "resolved": "https://registry.npmjs.org/http-signature/-/http-signature-0.10.1.tgz",
      "integrity": "sha1-T72sEyVZqoMjEh5UB3nAoBKyfmY=",
      "requires": {
        "asn1": "0.1.11",
        "assert-plus": "^0.1.5",
        "ctype": "0.5.3"
      }
    },
    "i": {
      "version": "0.3.6",
      "resolved": "https://registry.npmjs.org/i/-/i-0.3.6.tgz",
      "integrity": "sha1-2WyScyB28HJxG2sQ/X1PZa2O4j0="
    },
    "iconv-lite": {
      "version": "0.4.23",
      "resolved": "https://registry.npmjs.org/iconv-lite/-/iconv-lite-0.4.23.tgz",
      "integrity": "sha512-neyTUVFtahjf0mB3dZT77u+8O0QB89jFdnBkd5P1JgYPbPaia3gXXOVL2fq8VyU2gMMD7SaN7QukTB/pmXYvDA==",
      "requires": {
        "safer-buffer": ">= 2.1.2 < 3"
      }
    },
    "inflight": {
      "version": "1.0.6",
      "resolved": "https://registry.npmjs.org/inflight/-/inflight-1.0.6.tgz",
      "integrity": "sha1-Sb1jMdfQLQwJvJEKEHW6gWW1bfk=",
      "requires": {
        "once": "^1.3.0",
        "wrappy": "1"
      }
    },
    "inherits": {
      "version": "2.0.3",
      "resolved": "https://registry.npmjs.org/inherits/-/inherits-2.0.3.tgz",
      "integrity": "sha1-Yzwsg+PaQqUC9SRmAiSA9CCCYd4="
    },
    "isarray": {
      "version": "0.0.1",
      "resolved": "https://registry.npmjs.org/isarray/-/isarray-0.0.1.tgz",
      "integrity": "sha1-ihis/Kmo9Bd+Cav8YDiTmwXR7t8="
    },
    "isstream": {
      "version": "0.1.2",
      "resolved": "https://registry.npmjs.org/isstream/-/isstream-0.1.2.tgz",
      "integrity": "sha1-R+Y/evVa+m+S4VAOaQ64uFKcCZo="
    },
    "json-stringify-safe": {
      "version": "5.0.1",
      "resolved": "https://registry.npmjs.org/json-stringify-safe/-/json-stringify-safe-5.0.1.tgz",
      "integrity": "sha1-Epai1Y/UXxmg9s4B1lcB4sc1tus="
    },
    "jstransform": {
      "version": "11.0.3",
      "resolved": "https://registry.npmjs.org/jstransform/-/jstransform-11.0.3.tgz",
      "integrity": "sha1-CaeJk+CuTU70SH9hVakfYZDLQiM=",
      "requires": {
        "base62": "^1.1.0",
        "commoner": "^0.10.1",
        "esprima-fb": "^15001.1.0-dev-harmony-fb",
        "object-assign": "^2.0.0",
        "source-map": "^0.4.2"
      }
    },
    "loophole": {
      "version": "1.1.0",
      "resolved": "https://registry.npmjs.org/loophole/-/loophole-1.1.0.tgz",
      "integrity": "sha1-N5Sf6kU7YlasxyXDIM4MWn9wor0="
    },
    "mime-db": {
      "version": "1.12.0",
      "resolved": "https://registry.npmjs.org/mime-db/-/mime-db-1.12.0.tgz",
      "integrity": "sha1-PQxjGA9FjrENMlqqN9fFiuMS6dc="
    },
    "mime-types": {
      "version": "2.0.14",
      "resolved": "https://registry.npmjs.org/mime-types/-/mime-types-2.0.14.tgz",
      "integrity": "sha1-MQ4VnbI+B3+Lsit0jav6SVcUCqY=",
      "requires": {
        "mime-db": "~1.12.0"
      }
    },
    "minimatch": {
      "version": "3.0.4",
      "resolved": "https://registry.npmjs.org/minimatch/-/minimatch-3.0.4.tgz",
      "integrity": "sha512-yJHVQEhyqPLUTgt9B83PXu6W3rx4MvvHvSUvToogpwoGDOUQ+yDrR0HRot+yOCdCO7u4hX3pWft6kWBBcqh0UA==",
      "requires": {
        "brace-expansion": "^1.1.7"
      }
    },
    "minimist": {
      "version": "0.0.8",
      "resolved": "https://registry.npmjs.org/minimist/-/minimist-0.0.8.tgz",
      "integrity": "sha1-hX/Kv8M5fSYluCKCYuhqp6ARsF0="
    },
    "mixto": {
      "version": "1.0.0",
      "resolved": "https://registry.npmjs.org/mixto/-/mixto-1.0.0.tgz",
      "integrity": "sha1-wyDvYbUvKJj1IuF9i7xtUG2EJbY="
    },
    "mkdirp": {
      "version": "0.5.1",
      "resolved": "https://registry.npmjs.org/mkdirp/-/mkdirp-0.5.1.tgz",
      "integrity": "sha1-MAV0OOrGz3+MR2fzhkjWaX11yQM=",
      "requires": {
        "minimist": "0.0.8"
      }
    },
    "mute-stream": {
      "version": "0.0.7",
      "resolved": "https://registry.npmjs.org/mute-stream/-/mute-stream-0.0.7.tgz",
      "integrity": "sha1-MHXOk7whuPq0PhvE2n6BFe0ee6s="
    },
    "ncp": {
      "version": "0.4.2",
      "resolved": "https://registry.npmjs.org/ncp/-/ncp-0.4.2.tgz",
      "integrity": "sha1-q8xsvT7C7Spyn/bnwfqPAXhKhXQ="
    },
    "next-tick": {
      "version": "1.0.0",
      "resolved": "https://registry.npmjs.org/next-tick/-/next-tick-1.0.0.tgz",
      "integrity": "sha1-yobR/ogoFpsBICCOPchCS524NCw="
    },
    "node-uuid": {
      "version": "1.4.8",
      "resolved": "https://registry.npmjs.org/node-uuid/-/node-uuid-1.4.8.tgz",
      "integrity": "sha1-sEDrCSOWivq/jTL7HxfxFn/auQc="
    },
    "oauth-sign": {
      "version": "0.6.0",
      "resolved": "https://registry.npmjs.org/oauth-sign/-/oauth-sign-0.6.0.tgz",
      "integrity": "sha1-fb6uRPbKRU4fFoRR1jB0ZzWBPOM="
    },
    "object-assign": {
      "version": "2.1.1",
      "resolved": "https://registry.npmjs.org/object-assign/-/object-assign-2.1.1.tgz",
      "integrity": "sha1-Q8NuXVaf+OSBbE76i+AtJpZ8GKo="
    },
    "once": {
      "version": "1.4.0",
      "resolved": "https://registry.npmjs.org/once/-/once-1.4.0.tgz",
      "integrity": "sha1-WDsap3WWHUsROsF9nFC6753Xa9E=",
      "requires": {
        "wrappy": "1"
      }
    },
    "path-is-absolute": {
      "version": "1.0.1",
      "resolved": "https://registry.npmjs.org/path-is-absolute/-/path-is-absolute-1.0.1.tgz",
      "integrity": "sha1-F0uSaHNVNP+8es5r9TpanhtcX18="
    },
    "pkginfo": {
      "version": "0.4.1",
      "resolved": "https://registry.npmjs.org/pkginfo/-/pkginfo-0.4.1.tgz",
      "integrity": "sha1-tUGO8EOd5UJfxJlQQtztFPsqhP8="
    },
    "private": {
      "version": "0.1.8",
      "resolved": "https://registry.npmjs.org/private/-/private-0.1.8.tgz",
      "integrity": "sha512-VvivMrbvd2nKkiG38qjULzlc+4Vx4wm/whI9pQD35YrARNnhxeiRktSOhSukRLFNlzg6Br/cJPet5J/u19r/mg=="
    },
    "prompt": {
      "version": "0.2.14",
      "resolved": "https://registry.npmjs.org/prompt/-/prompt-0.2.14.tgz",
      "integrity": "sha1-V3VPZPVD/XsIRXB8gY7OYY8F/9w=",
      "requires": {
        "pkginfo": "0.x.x",
        "read": "1.0.x",
        "revalidator": "0.1.x",
        "utile": "0.2.x",
        "winston": "0.8.x"
      }
    },
    "property-accessors": {
      "version": "1.1.3",
      "resolved": "https://registry.npmjs.org/property-accessors/-/property-accessors-1.1.3.tgz",
      "integrity": "sha1-Hd6EAkYxhlkJ7zBwM2VoDF+SixU=",
      "requires": {
        "es6-weak-map": "^0.1.2",
        "mixto": "1.x"
      }
    },
    "psl": {
      "version": "1.1.28",
      "resolved": "https://registry.npmjs.org/psl/-/psl-1.1.28.tgz",
      "integrity": "sha512-+AqO1Ae+N/4r7Rvchrdm432afjT9hqJRyBN3DQv9At0tPz4hIFSGKbq64fN9dVoCow4oggIIax5/iONx0r9hZw=="
    },
    "punycode": {
      "version": "1.4.1",
      "resolved": "https://registry.npmjs.org/punycode/-/punycode-1.4.1.tgz",
      "integrity": "sha1-wNWmOycYgArY4esPpSachN1BhF4="
    },
    "q": {
      "version": "1.5.1",
      "resolved": "https://registry.npmjs.org/q/-/q-1.5.1.tgz",
      "integrity": "sha1-fjL3W0E4EpHQRhHxvxQQmsAGUdc="
    },
    "qs": {
      "version": "2.3.3",
      "resolved": "https://registry.npmjs.org/qs/-/qs-2.3.3.tgz",
      "integrity": "sha1-6eha2+ddoLvkyOBHaghikPhjtAQ="
    },
    "read": {
      "version": "1.0.7",
      "resolved": "https://registry.npmjs.org/read/-/read-1.0.7.tgz",
      "integrity": "sha1-s9oZvQUkMal2cdRKQmNK33ELQMQ=",
      "requires": {
        "mute-stream": "~0.0.4"
      }
    },
    "readable-stream": {
      "version": "1.0.34",
      "resolved": "https://registry.npmjs.org/readable-stream/-/readable-stream-1.0.34.tgz",
      "integrity": "sha1-Elgg40vIQtLyqq+v5MKRbuMsFXw=",
      "requires": {
        "core-util-is": "~1.0.0",
        "inherits": "~2.0.1",
        "isarray": "0.0.1",
        "string_decoder": "~0.10.x"
      }
    },
    "recast": {
      "version": "0.11.23",
      "resolved": "https://registry.npmjs.org/recast/-/recast-0.11.23.tgz",
      "integrity": "sha1-RR/TAEqx5N+bTktmN2sqIZEkYtM=",
      "requires": {
        "ast-types": "0.9.6",
        "esprima": "~3.1.0",
        "private": "~0.1.5",
        "source-map": "~0.5.0"
      },
      "dependencies": {
        "esprima": {
          "version": "3.1.3",
          "resolved": "https://registry.npmjs.org/esprima/-/esprima-3.1.3.tgz",
          "integrity": "sha1-/cpRzuYTOJXjyI1TXOSdv/YqRjM="
        },
        "source-map": {
          "version": "0.5.7",
          "resolved": "https://registry.npmjs.org/source-map/-/source-map-0.5.7.tgz",
          "integrity": "sha1-igOdLRAh0i0eoUyA2OpGi6LvP8w="
        }
      }
    },
    "request": {
      "version": "2.53.0",
      "resolved": "https://registry.npmjs.org/request/-/request-2.53.0.tgz",
      "integrity": "sha1-GAo66St7Y5gC5PlUXdj83rcddgw=",
      "requires": {
        "aws-sign2": "~0.5.0",
        "bl": "~0.9.0",
        "caseless": "~0.9.0",
        "combined-stream": "~0.0.5",
        "forever-agent": "~0.5.0",
        "form-data": "~0.2.0",
        "hawk": "~2.3.0",
        "http-signature": "~0.10.0",
        "isstream": "~0.1.1",
        "json-stringify-safe": "~5.0.0",
        "mime-types": "~2.0.1",
        "node-uuid": "~1.4.0",
        "oauth-sign": "~0.6.0",
        "qs": "~2.3.1",
        "stringstream": "~0.0.4",
        "tough-cookie": ">=0.12.0",
        "tunnel-agent": "~0.4.0"
      }
    },
    "revalidator": {
      "version": "0.1.8",
      "resolved": "https://registry.npmjs.org/revalidator/-/revalidator-0.1.8.tgz",
      "integrity": "sha1-/s5hv6DBtSoga9axgZgYS91SOjs="
    },
    "rimraf": {
      "version": "2.6.2",
      "resolved": "https://registry.npmjs.org/rimraf/-/rimraf-2.6.2.tgz",
      "integrity": "sha512-lreewLK/BlghmxtfH36YYVg1i8IAce4TI7oao75I1g245+6BctqTVQiBP3YUJ9C6DQOXJmkYR9X9fCLtCOJc5w==",
      "requires": {
        "glob": "^7.0.5"
      },
      "dependencies": {
        "glob": {
          "version": "7.1.2",
          "resolved": "https://registry.npmjs.org/glob/-/glob-7.1.2.tgz",
          "integrity": "sha512-MJTUg1kjuLeQCJ+ccE4Vpa6kKVXkPYJ2mOCQyUuKLcLQsdrMCpBPUi8qVE6+YuaJkozeA9NusTAw3hLr8Xe5EQ==",
          "requires": {
            "fs.realpath": "^1.0.0",
            "inflight": "^1.0.4",
            "inherits": "2",
            "minimatch": "^3.0.4",
            "once": "^1.3.0",
            "path-is-absolute": "^1.0.0"
          }
        }
      }
    },
    "safer-buffer": {
      "version": "2.1.2",
      "resolved": "https://registry.npmjs.org/safer-buffer/-/safer-buffer-2.1.2.tgz",
      "integrity": "sha512-YZo3K82SD7Riyi0E1EQPojLz7kpepnSQI9IyPbHHg1XXXevb5dJI7tpyN2ADxGcQbHG7vcyRHk0cbwqcQriUtg=="
    },
    "sntp": {
      "version": "1.0.9",
      "resolved": "https://registry.npmjs.org/sntp/-/sntp-1.0.9.tgz",
      "integrity": "sha1-ZUEYTMkK7qbG57NeJlkIJEPGYZg=",
      "requires": {
        "hoek": "2.x.x"
      }
    },
    "source-map": {
      "version": "0.4.4",
      "resolved": "https://registry.npmjs.org/source-map/-/source-map-0.4.4.tgz",
      "integrity": "sha1-66T12pwNyZneaAMti092FzZSA2s=",
      "requires": {
        "amdefine": ">=0.0.4"
      }
    },
    "stack-trace": {
      "version": "0.0.10",
      "resolved": "https://registry.npmjs.org/stack-trace/-/stack-trace-0.0.10.tgz",
      "integrity": "sha1-VHxws0fo0ytOEI6hoqFZ5f3eGcA="
    },
    "string_decoder": {
      "version": "0.10.31",
      "resolved": "https://registry.npmjs.org/string_decoder/-/string_decoder-0.10.31.tgz",
      "integrity": "sha1-YuIDvEF2bGwoyfyEMB2rHFMQ+pQ="
    },
    "stringstream": {
      "version": "0.0.6",
      "resolved": "https://registry.npmjs.org/stringstream/-/stringstream-0.0.6.tgz",
      "integrity": "sha512-87GEBAkegbBcweToUrdzf3eLhWNg06FJTebl4BVJz/JgWy8CvEr9dRtX5qWphiynMSQlxxi+QqN0z5T32SLlhA=="
    },
    "through": {
      "version": "2.3.8",
      "resolved": "https://registry.npmjs.org/through/-/through-2.3.8.tgz",
      "integrity": "sha1-DdTJ/6q8NXlgsbckEV1+Doai4fU="
    },
    "tough-cookie": {
      "version": "2.4.3",
      "resolved": "https://registry.npmjs.org/tough-cookie/-/tough-cookie-2.4.3.tgz",
      "integrity": "sha512-Q5srk/4vDM54WJsJio3XNn6K2sCG+CQ8G5Wz6bZhRZoAe/+TxjWB/GlFAnYEbkYVlON9FMk/fE3h2RLpPXo4lQ==",
      "requires": {
        "psl": "^1.1.24",
        "punycode": "^1.4.1"
      }
    },
    "tunnel-agent": {
      "version": "0.4.3",
      "resolved": "https://registry.npmjs.org/tunnel-agent/-/tunnel-agent-0.4.3.tgz",
      "integrity": "sha1-Y3PbdpCf5XDgjXNYM2Xtgop07us="
    },
    "underscore": {
      "version": "1.8.3",
      "resolved": "https://registry.npmjs.org/underscore/-/underscore-1.8.3.tgz",
      "integrity": "sha1-Tz+1OxBuYJf8+ctBCfKl6b36UCI="
    },
    "underscore-plus": {
      "version": "1.6.8",
      "resolved": "https://registry.npmjs.org/underscore-plus/-/underscore-plus-1.6.8.tgz",
      "integrity": "sha512-88PrCeMKeAAC1L4xjSiiZ3Fg6kZOYrLpLGVPPeqKq/662DfQe/KTSKdSR/Q/tucKNnfW2MNAUGSCkDf8HmXC5Q==",
      "requires": {
        "underscore": "~1.8.3"
      }
    },
    "utile": {
      "version": "0.2.1",
      "resolved": "https://registry.npmjs.org/utile/-/utile-0.2.1.tgz",
      "integrity": "sha1-kwyI6ZCY1iIINMNWy9mncFItkNc=",
      "requires": {
        "async": "~0.2.9",
        "deep-equal": "*",
        "i": "0.3.x",
        "mkdirp": "0.x.x",
        "ncp": "0.4.x",
        "rimraf": "2.x.x"
      }
    },
    "vue": {
      "version": "1.0.28",
      "resolved": "https://registry.npmjs.org/vue/-/vue-1.0.28.tgz",
      "integrity": "sha1-7S/weyAL3hXIepDvhyfO6n04Vn0=",
      "requires": {
        "envify": "^3.4.0"
      }
    },
    "winston": {
      "version": "0.8.3",
      "resolved": "https://registry.npmjs.org/winston/-/winston-0.8.3.tgz",
      "integrity": "sha1-ZLar9M0Brcrv1QCTk7HY6L7BnbA=",
      "requires": {
        "async": "0.2.x",
        "colors": "0.6.x",
        "cycle": "1.0.x",
        "eyes": "0.1.x",
        "isstream": "0.1.x",
        "pkginfo": "0.3.x",
        "stack-trace": "0.0.x"
      },
      "dependencies": {
        "colors": {
          "version": "0.6.2",
          "resolved": "https://registry.npmjs.org/colors/-/colors-0.6.2.tgz",
          "integrity": "sha1-JCP+ZnisDF2uiFLl0OW+CMmXq8w="
        },
        "pkginfo": {
          "version": "0.3.1",
          "resolved": "https://registry.npmjs.org/pkginfo/-/pkginfo-0.3.1.tgz",
          "integrity": "sha1-Wyn2qB9wcXFC4J52W76rl7T4HiE="
        }
      }
    },
    "wrappy": {
      "version": "1.0.2",
      "resolved": "https://registry.npmjs.org/wrappy/-/wrappy-1.0.2.tgz",
      "integrity": "sha1-tSQ9jz7BqjXxNkYFvA0QNuMKtp8="
    },
    "youtube-node": {
      "version": "1.3.2",
      "resolved": "https://registry.npmjs.org/youtube-node/-/youtube-node-1.3.2.tgz",
      "integrity": "sha512-TNEadl/poOn003aMqO5dDWbzoZVrs2NtkFLrtZFnkQ4TeN2f/5A/QgHi3QgXlf1+m89aKDR16ZbgJMVzA9wwbw==",
      "requires": {
        "colors": "1.0.3",
        "prompt": "0.2.14",
        "request": "2.53.0"
      }
    }
  }
}
